
Microsoft Visual Studio Solution File, Format Version 12.00
# Visual Studio Version 16
VisualStudioVersion = 25.0.1703.0
MinimumVisualStudioVersion = 10.0.40219.1
Project("{FAE04EC0-301F-11D3-BF4B-00C04F79EFBC}") = "misfits_festival.Server", "Server\misfits_festival.Server.csproj", "{239CAA25-3571-4C4C-A8FE-6F990970C372}"
EndProject
Project("{FAE04EC0-301F-11D3-BF4B-00C04F79EFBC}") = "misfits_festival.Client", "Client\misfits_festival.Client.csproj", "{1C27628A-6370-4ECC-8A52-1E8BD5C3F8EA}"
EndProject
Project("{FAE04EC0-301F-11D3-BF4B-00C04F79EFBC}") = "misfits_festival.Shared", "Shared\misfits_festival.Shared.csproj", "{3F7F9187-1462-42DF-8146-2DD886F39187}"
EndProject
Global
	GlobalSection(SolutionConfigurationPlatforms) = preSolution
		Debug|Any CPU = Debug|Any CPU
		Release|Any CPU = Release|Any CPU
	EndGlobalSection
	GlobalSection(ProjectConfigurationPlatforms) = postSolution
		{239CAA25-3571-4C4C-A8FE-6F990970C372}.Debug|Any CPU.ActiveCfg = Debug|Any CPU
		{239CAA25-3571-4C4C-A8FE-6F990970C372}.Debug|Any CPU.Build.0 = Debug|Any CPU
		{239CAA25-3571-4C4C-A8FE-6F990970C372}.Release|Any CPU.ActiveCfg = Release|Any CPU
		{239CAA25-3571-4C4C-A8FE-6F990970C372}.Release|Any CPU.Build.0 = Release|Any CPU
		{1C27628A-6370-4ECC-8A52-1E8BD5C3F8EA}.Debug|Any CPU.ActiveCfg = Debug|Any CPU
		{1C27628A-6370-4ECC-8A52-1E8BD5C3F8EA}.Debug|Any CPU.Build.0 = Debug|Any CPU
		{1C27628A-6370-4ECC-8A52-1E8BD5C3F8EA}.Release|Any CPU.ActiveCfg = Release|Any CPU
		{1C27628A-6370-4ECC-8A52-1E8BD5C3F8EA}.Release|Any CPU.Build.0 = Release|Any CPU
		{3F7F9187-1462-42DF-8146-2DD886F39187}.Debug|Any CPU.ActiveCfg = Debug|Any CPU
		{3F7F9187-1462-42DF-8146-2DD886F39187}.Debug|Any CPU.Build.0 = Debug|Any CPU
		{3F7F9187-1462-42DF-8146-2DD886F39187}.Release|Any CPU.ActiveCfg = Release|Any CPU
		{3F7F9187-1462-42DF-8146-2DD886F39187}.Release|Any CPU.Build.0 = Release|Any CPU
	EndGlobalSection
	GlobalSection(SolutionProperties) = preSolution
		HideSolutionNode = FALSE
	EndGlobalSection
	GlobalSection(ExtensibilityGlobals) = postSolution
		SolutionGuid = {616EAD73-409D-4B23-90F1-DCEA2316F8CA}
	EndGlobalSection
EndGlobal
